
Microsoft Visual Studio Solution File, Format Version 12.00
# Visual Studio Version 17
VisualStudioVersion = 17.4.33213.308
MinimumVisualStudioVersion = 10.0.40219.1
Project("{FAE04EC0-301F-11D3-BF4B-00C04F79EFBC}") = "Day5", "Day5.csproj", "{7DED3E86-7FD6-495C-BA6F-4272B2D541BB}"
EndProject
Global
	GlobalSection(SolutionConfigurationPlatforms) = preSolution
		Debug|Any CPU = Debug|Any CPU
		Release|Any CPU = Release|Any CPU
	EndGlobalSection
	GlobalSection(ProjectConfigurationPlatforms) = postSolution
		{7DED3E86-7FD6-495C-BA6F-4272B2D541BB}.Debug|Any CPU.ActiveCfg = Debug|Any CPU
		{7DED3E86-7FD6-495C-BA6F-4272B2D541BB}.Debug|Any CPU.Build.0 = Debug|Any CPU
		{7DED3E86-7FD6-495C-BA6F-4272B2D541BB}.Release|Any CPU.ActiveCfg = Release|Any CPU
		{7DED3E86-7FD6-495C-BA6F-4272B2D541BB}.Release|Any CPU.Build.0 = Release|Any CPU
	EndGlobalSection
	GlobalSection(SolutionProperties) = preSolution
		HideSolutionNode = FALSE
	EndGlobalSection
	GlobalSection(ExtensibilityGlobals) = postSolution
		SolutionGuid = {FC006847-7C9B-4279-99F3-CD5524C231DF}
	EndGlobalSection
EndGlobal
