
Microsoft Visual Studio Solution File, Format Version 12.00
# Visual Studio Version 17
VisualStudioVersion = 17.4.33213.308
MinimumVisualStudioVersion = 10.0.40219.1
Project("{FAE04EC0-301F-11D3-BF4B-00C04F79EFBC}") = "Day 8 P2", "Day 8 P2.csproj", "{AD8B05A3-64A0-4BDD-AB6E-AE3237E35BB8}"
EndProject
Global
	GlobalSection(SolutionConfigurationPlatforms) = preSolution
		Debug|Any CPU = Debug|Any CPU
		Release|Any CPU = Release|Any CPU
	EndGlobalSection
	GlobalSection(ProjectConfigurationPlatforms) = postSolution
		{AD8B05A3-64A0-4BDD-AB6E-AE3237E35BB8}.Debug|Any CPU.ActiveCfg = Debug|Any CPU
		{AD8B05A3-64A0-4BDD-AB6E-AE3237E35BB8}.Debug|Any CPU.Build.0 = Debug|Any CPU
		{AD8B05A3-64A0-4BDD-AB6E-AE3237E35BB8}.Release|Any CPU.ActiveCfg = Release|Any CPU
		{AD8B05A3-64A0-4BDD-AB6E-AE3237E35BB8}.Release|Any CPU.Build.0 = Release|Any CPU
	EndGlobalSection
	GlobalSection(SolutionProperties) = preSolution
		HideSolutionNode = FALSE
	EndGlobalSection
	GlobalSection(ExtensibilityGlobals) = postSolution
		SolutionGuid = {0C9AB56F-EACB-4920-A618-87BAA8072868}
	EndGlobalSection
EndGlobal
