
Microsoft Visual Studio Solution File, Format Version 12.00
# Visual Studio Version 17
VisualStudioVersion = 17.4.33213.308
MinimumVisualStudioVersion = 10.0.40219.1
Project("{FAE04EC0-301F-11D3-BF4B-00C04F79EFBC}") = "Day6", "Day6.csproj", "{C08607EA-199D-48FA-B7E6-EEE697969383}"
EndProject
Global
	GlobalSection(SolutionConfigurationPlatforms) = preSolution
		Debug|Any CPU = Debug|Any CPU
		Release|Any CPU = Release|Any CPU
	EndGlobalSection
	GlobalSection(ProjectConfigurationPlatforms) = postSolution
		{C08607EA-199D-48FA-B7E6-EEE697969383}.Debug|Any CPU.ActiveCfg = Debug|Any CPU
		{C08607EA-199D-48FA-B7E6-EEE697969383}.Debug|Any CPU.Build.0 = Debug|Any CPU
		{C08607EA-199D-48FA-B7E6-EEE697969383}.Release|Any CPU.ActiveCfg = Release|Any CPU
		{C08607EA-199D-48FA-B7E6-EEE697969383}.Release|Any CPU.Build.0 = Release|Any CPU
	EndGlobalSection
	GlobalSection(SolutionProperties) = preSolution
		HideSolutionNode = FALSE
	EndGlobalSection
	GlobalSection(ExtensibilityGlobals) = postSolution
		SolutionGuid = {00228F19-1118-4FE9-9C34-1F12A1A7E929}
	EndGlobalSection
EndGlobal
