
Microsoft Visual Studio Solution File, Format Version 12.00
# Visual Studio Version 17
VisualStudioVersion = 17.4.33213.308
MinimumVisualStudioVersion = 10.0.40219.1
Project("{FAE04EC0-301F-11D3-BF4B-00C04F79EFBC}") = "Day8", "Day8.csproj", "{B266162F-1C99-45DF-B8D5-B58F57511457}"
EndProject
Global
	GlobalSection(SolutionConfigurationPlatforms) = preSolution
		Debug|Any CPU = Debug|Any CPU
		Release|Any CPU = Release|Any CPU
	EndGlobalSection
	GlobalSection(ProjectConfigurationPlatforms) = postSolution
		{B266162F-1C99-45DF-B8D5-B58F57511457}.Debug|Any CPU.ActiveCfg = Debug|Any CPU
		{B266162F-1C99-45DF-B8D5-B58F57511457}.Debug|Any CPU.Build.0 = Debug|Any CPU
		{B266162F-1C99-45DF-B8D5-B58F57511457}.Release|Any CPU.ActiveCfg = Release|Any CPU
		{B266162F-1C99-45DF-B8D5-B58F57511457}.Release|Any CPU.Build.0 = Release|Any CPU
	EndGlobalSection
	GlobalSection(SolutionProperties) = preSolution
		HideSolutionNode = FALSE
	EndGlobalSection
	GlobalSection(ExtensibilityGlobals) = postSolution
		SolutionGuid = {0CF77877-241C-44BC-BCA6-DA8FA86FE711}
	EndGlobalSection
EndGlobal
