
Microsoft Visual Studio Solution File, Format Version 12.00
# Visual Studio Version 17
VisualStudioVersion = 17.4.33213.308
MinimumVisualStudioVersion = 10.0.40219.1
Project("{FAE04EC0-301F-11D3-BF4B-00C04F79EFBC}") = "Task1", "Task1.csproj", "{44BE7B93-7A3E-4B6B-BFB3-C1951848E813}"
EndProject
Global
	GlobalSection(SolutionConfigurationPlatforms) = preSolution
		Debug|Any CPU = Debug|Any CPU
		Release|Any CPU = Release|Any CPU
	EndGlobalSection
	GlobalSection(ProjectConfigurationPlatforms) = postSolution
		{44BE7B93-7A3E-4B6B-BFB3-C1951848E813}.Debug|Any CPU.ActiveCfg = Debug|Any CPU
		{44BE7B93-7A3E-4B6B-BFB3-C1951848E813}.Debug|Any CPU.Build.0 = Debug|Any CPU
		{44BE7B93-7A3E-4B6B-BFB3-C1951848E813}.Release|Any CPU.ActiveCfg = Release|Any CPU
		{44BE7B93-7A3E-4B6B-BFB3-C1951848E813}.Release|Any CPU.Build.0 = Release|Any CPU
	EndGlobalSection
	GlobalSection(SolutionProperties) = preSolution
		HideSolutionNode = FALSE
	EndGlobalSection
	GlobalSection(ExtensibilityGlobals) = postSolution
		SolutionGuid = {83ECF631-F303-47E2-90CC-67753D87BA49}
	EndGlobalSection
EndGlobal
