
Microsoft Visual Studio Solution File, Format Version 12.00
# Visual Studio Version 17
VisualStudioVersion = 17.4.33213.308
MinimumVisualStudioVersion = 10.0.40219.1
Project("{FAE04EC0-301F-11D3-BF4B-00C04F79EFBC}") = "Day 2", "Day 2.csproj", "{96B71A1E-20CB-40C1-9BB0-98FFE43EC77B}"
EndProject
Global
	GlobalSection(SolutionConfigurationPlatforms) = preSolution
		Debug|Any CPU = Debug|Any CPU
		Release|Any CPU = Release|Any CPU
	EndGlobalSection
	GlobalSection(ProjectConfigurationPlatforms) = postSolution
		{96B71A1E-20CB-40C1-9BB0-98FFE43EC77B}.Debug|Any CPU.ActiveCfg = Debug|Any CPU
		{96B71A1E-20CB-40C1-9BB0-98FFE43EC77B}.Debug|Any CPU.Build.0 = Debug|Any CPU
		{96B71A1E-20CB-40C1-9BB0-98FFE43EC77B}.Release|Any CPU.ActiveCfg = Release|Any CPU
		{96B71A1E-20CB-40C1-9BB0-98FFE43EC77B}.Release|Any CPU.Build.0 = Release|Any CPU
	EndGlobalSection
	GlobalSection(SolutionProperties) = preSolution
		HideSolutionNode = FALSE
	EndGlobalSection
	GlobalSection(ExtensibilityGlobals) = postSolution
		SolutionGuid = {3D8E6745-67E2-47C0-B76E-0C071E0B56B8}
	EndGlobalSection
EndGlobal
