
Microsoft Visual Studio Solution File, Format Version 12.00
# Visual Studio Version 17
VisualStudioVersion = 17.4.33110.190
MinimumVisualStudioVersion = 10.0.40219.1
Project("{FAE04EC0-301F-11D3-BF4B-00C04F79EFBC}") = "ConsoleApp", "ConsoleApp1\ConsoleApp.csproj", "{881DB26A-9FB7-4B3F-8175-828692B03F8E}"
EndProject
Project("{9A19103F-16F7-4668-BE54-9A1E7A4F7556}") = "ConsoleApp1", "..\Day03\ConsoleApp1\ConsoleApp1.csproj", "{FBF7167F-AF9F-4914-8451-15A96DE3E0AA}"
EndProject
Global
	GlobalSection(SolutionConfigurationPlatforms) = preSolution
		Debug|Any CPU = Debug|Any CPU
		Release|Any CPU = Release|Any CPU
	EndGlobalSection
	GlobalSection(ProjectConfigurationPlatforms) = postSolution
		{881DB26A-9FB7-4B3F-8175-828692B03F8E}.Debug|Any CPU.ActiveCfg = Debug|Any CPU
		{881DB26A-9FB7-4B3F-8175-828692B03F8E}.Debug|Any CPU.Build.0 = Debug|Any CPU
		{881DB26A-9FB7-4B3F-8175-828692B03F8E}.Release|Any CPU.ActiveCfg = Release|Any CPU
		{881DB26A-9FB7-4B3F-8175-828692B03F8E}.Release|Any CPU.Build.0 = Release|Any CPU
		{FBF7167F-AF9F-4914-8451-15A96DE3E0AA}.Debug|Any CPU.ActiveCfg = Debug|Any CPU
		{FBF7167F-AF9F-4914-8451-15A96DE3E0AA}.Debug|Any CPU.Build.0 = Debug|Any CPU
		{FBF7167F-AF9F-4914-8451-15A96DE3E0AA}.Release|Any CPU.ActiveCfg = Release|Any CPU
		{FBF7167F-AF9F-4914-8451-15A96DE3E0AA}.Release|Any CPU.Build.0 = Release|Any CPU
	EndGlobalSection
	GlobalSection(SolutionProperties) = preSolution
		HideSolutionNode = FALSE
	EndGlobalSection
	GlobalSection(ExtensibilityGlobals) = postSolution
		SolutionGuid = {B398990B-9041-4670-B019-F86A22D285A5}
	EndGlobalSection
EndGlobal
